// !$*UTF8*$!
{
	archiveVersion = 1;
	classes = {
	};
	objectVersion = 48;
	objects = {

/* Begin PBXBuildFile section */
		BFA5B6F51F7B45CE0014C009 /* AppDelegate.m in Sources */ = {isa = PBXBuildFile; fileRef = BFA5B6F41F7B45CE0014C009 /* AppDelegate.m */; };
		BFA5B6F81F7B45CE0014C009 /* ViewController.m in Sources */ = {isa = PBXBuildFile; fileRef = BFA5B6F71F7B45CE0014C009 /* ViewController.m */; };
		BFA5B6FB1F7B45CE0014C009 /* Main.storyboard in Resources */ = {isa = PBXBuildFile; fileRef = BFA5B6F91F7B45CE0014C009 /* Main.storyboard */; };
		BFA5B6FD1F7B45CE0014C009 /* Assets.xcassets in Resources */ = {isa = PBXBuildFile; fileRef = BFA5B6FC1F7B45CE0014C009 /* Assets.xcassets */; };
		BFA5B7001F7B45CE0014C009 /* LaunchScreen.storyboard in Resources */ = {isa = PBXBuildFile; fileRef = BFA5B6FE1F7B45CE0014C009 /* LaunchScreen.storyboard */; };
		BFA5B7031F7B45CE0014C009 /* main.m in Sources */ = {isa = PBXBuildFile; fileRef = BFA5B7021F7B45CE0014C009 /* main.m */; };
		BFA5B70B1F7B45FE0014C009 /* WebSiteFactory.m in Sources */ = {isa = PBXBuildFile; fileRef = BFA5B70A1F7B45FE0014C009 /* WebSiteFactory.m */; };
		BFA5B70F1F7B47770014C009 /* User.m in Sources */ = {isa = PBXBuildFile; fileRef = BFA5B70E1F7B47770014C009 /* User.m */; };
		BFA5B7121F7B48D30014C009 /* DLConcreteWebSite.m in Sources */ = {isa = PBXBuildFile; fileRef = BFA5B7111F7B48D30014C009 /* DLConcreteWebSite.m */; };
/* End PBXBuildFile section */

/* Begin PBXFileReference section */
		BFA5B6F01F7B45CE0014C009 /* ShareElement_DesginMode.app */ = {isa = PBXFileReference; explicitFileType = wrapper.application; includeInIndex = 0; path = ShareElement_DesginMode.app; sourceTree = BUILT_PRODUCTS_DIR; };
		BFA5B6F31F7B45CE0014C009 /* AppDelegate.h */ = {isa = PBXFileReference; lastKnownFileType = sourcecode.c.h; path = AppDelegate.h; sourceTree = "<group>"; };
		BFA5B6F41F7B45CE0014C009 /* AppDelegate.m */ = {isa = PBXFileReference; lastKnownFileType = sourcecode.c.objc; path = AppDelegate.m; sourceTree = "<group>"; };
		BFA5B6F61F7B45CE0014C009 /* ViewController.h */ = {isa = PBXFileReference; lastKnownFileType = sourcecode.c.h; path = ViewController.h; sourceTree = "<group>"; };
		BFA5B6F71F7B45CE0014C009 /* ViewController.m */ = {isa = PBXFileReference; lastKnownFileType = sourcecode.c.objc; path = ViewController.m; sourceTree = "<group>"; };
		BFA5B6FA1F7B45CE0014C009 /* Base */ = {isa = PBXFileReference; lastKnownFileType = file.storyboard; name = Base; path = Base.lproj/Main.storyboard; sourceTree = "<group>"; };
		BFA5B6FC1F7B45CE0014C009 /* Assets.xcassets */ = {isa = PBXFileReference; lastKnownFileType = folder.assetcatalog; path = Assets.xcassets; sourceTree = "<group>"; };
		BFA5B6FF1F7B45CE0014C009 /* Base */ = {isa = PBXFileReference; lastKnownFileType = file.storyboard; name = Base; path = Base.lproj/LaunchScreen.storyboard; sourceTree = "<group>"; };
		BFA5B7011F7B45CE0014C009 /* Info.plist */ = {isa = PBXFileReference; lastKnownFileType = text.plist.xml; path = Info.plist; sourceTree = "<group>"; };
		BFA5B7021F7B45CE0014C009 /* main.m */ = {isa = PBXFileReference; lastKnownFileType = sourcecode.c.objc; path = main.m; sourceTree = "<group>"; };
		BFA5B7091F7B45FE0014C009 /* WebSiteFactory.h */ = {isa = PBXFileReference; lastKnownFileType = sourcecode.c.h; path = WebSiteFactory.h; sourceTree = "<group>"; };
		BFA5B70A1F7B45FE0014C009 /* WebSiteFactory.m */ = {isa = PBXFileReference; lastKnownFileType = sourcecode.c.objc; path = WebSiteFactory.m; sourceTree = "<group>"; };
		BFA5B70C1F7B461E0014C009 /* WebSiteProtocol.h */ = {isa = PBXFileReference; lastKnownFileType = sourcecode.c.h; path = WebSiteProtocol.h; sourceTree = "<group>"; };
		BFA5B70D1F7B47770014C009 /* User.h */ = {isa = PBXFileReference; lastKnownFileType = sourcecode.c.h; path = User.h; sourceTree = "<group>"; };
		BFA5B70E1F7B47770014C009 /* User.m */ = {isa = PBXFileReference; lastKnownFileType = sourcecode.c.objc; path = User.m; sourceTree = "<group>"; };
		BFA5B7101F7B48D30014C009 /* DLConcreteWebSite.h */ = {isa = PBXFileReference; lastKnownFileType = sourcecode.c.h; path = DLConcreteWebSite.h; sourceTree = "<group>"; };
		BFA5B7111F7B48D30014C009 /* DLConcreteWebSite.m */ = {isa = PBXFileReference; lastKnownFileType = sourcecode.c.objc; path = DLConcreteWebSite.m; sourceTree = "<group>"; };
/* End PBXFileReference section */

/* Begin PBXFrameworksBuildPhase section */
		BFA5B6ED1F7B45CE0014C009 /* Frameworks */ = {
			isa = PBXFrameworksBuildPhase;
			buildActionMask = 2147483647;
			files = (
			);
			runOnlyForDeploymentPostprocessing = 0;
		};
/* End PBXFrameworksBuildPhase section */

/* Begin PBXGroup section */
		BFA5B6E71F7B45CE0014C009 = {
			isa = PBXGroup;
			children = (
				BFA5B6F21F7B45CE0014C009 /* ShareElement_DesginMode */,
				BFA5B6F11F7B45CE0014C009 /* Products */,
			);
			sourceTree = "<group>";
		};
		BFA5B6F11F7B45CE0014C009 /* Products */ = {
			isa = PBXGroup;
			children = (
				BFA5B6F01F7B45CE0014C009 /* ShareElement_DesginMode.app */,
			);
			name = Products;
			sourceTree = "<group>";
		};
		BFA5B6F21F7B45CE0014C009 /* ShareElement_DesginMode */ = {
			isa = PBXGroup;
			children = (
				BFA5B6F31F7B45CE0014C009 /* AppDelegate.h */,
				BFA5B6F41F7B45CE0014C009 /* AppDelegate.m */,
				BFA5B6F61F7B45CE0014C009 /* ViewController.h */,
				BFA5B6F71F7B45CE0014C009 /* ViewController.m */,
				BFA5B70D1F7B47770014C009 /* User.h */,
				BFA5B70E1F7B47770014C009 /* User.m */,
				BFA5B70C1F7B461E0014C009 /* WebSiteProtocol.h */,
				BFA5B7091F7B45FE0014C009 /* WebSiteFactory.h */,
				BFA5B70A1F7B45FE0014C009 /* WebSiteFactory.m */,
				BFA5B7101F7B48D30014C009 /* DLConcreteWebSite.h */,
				BFA5B7111F7B48D30014C009 /* DLConcreteWebSite.m */,
				BFA5B6F91F7B45CE0014C009 /* Main.storyboard */,
				BFA5B6FC1F7B45CE0014C009 /* Assets.xcassets */,
				BFA5B6FE1F7B45CE0014C009 /* LaunchScreen.storyboard */,
				BFA5B7011F7B45CE0014C009 /* Info.plist */,
				BFA5B7021F7B45CE0014C009 /* main.m */,
			);
			path = ShareElement_DesginMode;
			sourceTree = "<group>";
		};
/* End PBXGroup section */

/* Begin PBXNativeTarget section */
		BFA5B6EF1F7B45CE0014C009 /* ShareElement_DesginMode */ = {
			isa = PBXNativeTarget;
			buildConfigurationList = BFA5B7061F7B45CE0014C009 /* Build configuration list for PBXNativeTarget "ShareElement_DesginMode" */;
			buildPhases = (
				BFA5B6EC1F7B45CE0014C009 /* Sources */,
				BFA5B6ED1F7B45CE0014C009 /* Frameworks */,
				BFA5B6EE1F7B45CE0014C009 /* Resources */,
			);
			buildRules = (
			);
			dependencies = (
			);
			name = ShareElement_DesginMode;
			productName = ShareElement_DesginMode;
			productReference = BFA5B6F01F7B45CE0014C009 /* ShareElement_DesginMode.app */;
			productType = "com.apple.product-type.application";
		};
/* End PBXNativeTarget section */

/* Begin PBXProject section */
		BFA5B6E81F7B45CE0014C009 /* Project object */ = {
			isa = PBXProject;
			attributes = {
				LastUpgradeCheck = 0900;
				ORGANIZATIONNAME = DeLongYang;
				TargetAttributes = {
					BFA5B6EF1F7B45CE0014C009 = {
						CreatedOnToolsVersion = 9.0;
						ProvisioningStyle = Automatic;
					};
				};
			};
			buildConfigurationList = BFA5B6EB1F7B45CE0014C009 /* Build configuration list for PBXProject "ShareElement_DesginMode" */;
			compatibilityVersion = "Xcode 8.0";
			developmentRegion = en;
			hasScannedForEncodings = 0;
			knownRegions = (
				en,
				Base,
			);
			mainGroup = BFA5B6E71F7B45CE0014C009;
			productRefGroup = BFA5B6F11F7B45CE0014C009 /* Products */;
			projectDirPath = "";
			projectRoot = "";
			targets = (
				BFA5B6EF1F7B45CE0014C009 /* ShareElement_DesginMode */,
			);
		};
/* End PBXProject section */

/* Begin PBXResourcesBuildPhase section */
		BFA5B6EE1F7B45CE0014C009 /* Resources */ = {
			isa = PBXResourcesBuildPhase;
			buildActionMask = 2147483647;
			files = (
				BFA5B7001F7B45CE0014C009 /* LaunchScreen.storyboard in Resources */,
				BFA5B6FD1F7B45CE0014C009 /* Assets.xcassets in Resources */,
				BFA5B6FB1F7B45CE0014C009 /* Main.storyboard in Resources */,
			);
			runOnlyForDeploymentPostprocessing = 0;
		};
/* End PBXResourcesBuildPhase section */

/* Begin PBXSourcesBuildPhase section */
		BFA5B6EC1F7B45CE0014C009 /* Sources */ = {
			isa = PBXSourcesBuildPhase;
			buildActionMask = 2147483647;
			files = (
				BFA5B70F1F7B47770014C009 /* User.m in Sources */,
				BFA5B6F81F7B45CE0014C009 /* ViewController.m in Sources */,
				BFA5B7121F7B48D30014C009 /* DLConcreteWebSite.m in Sources */,
				BFA5B7031F7B45CE0014C009 /* main.m in Sources */,
				BFA5B70B1F7B45FE0014C009 /* WebSiteFactory.m in Sources */,
				BFA5B6F51F7B45CE0014C009 /* AppDelegate.m in Sources */,
			);
			runOnlyForDeploymentPostprocessing = 0;
		};
/* End PBXSourcesBuildPhase section */

/* Begin PBXVariantGroup section */
		BFA5B6F91F7B45CE0014C009 /* Main.storyboard */ = {
			isa = PBXVariantGroup;
			children = (
				BFA5B6FA1F7B45CE0014C009 /* Base */,
			);
			name = Main.storyboard;
			sourceTree = "<group>";
		};
		BFA5B6FE1F7B45CE0014C009 /* LaunchScreen.storyboard */ = {
			isa = PBXVariantGroup;
			children = (
				BFA5B6FF1F7B45CE0014C009 /* Base */,
			);
			name = LaunchScreen.storyboard;
			sourceTree = "<group>";
		};
/* End PBXVariantGroup section */

/* Begin XCBuildConfiguration section */
		BFA5B7041F7B45CE0014C009 /* Debug */ = {
			isa = XCBuildConfiguration;
			buildSettings = {
				ALWAYS_SEARCH_USER_PATHS = NO;
				CLANG_ANALYZER_NONNULL = YES;
				CLANG_ANALYZER_NUMBER_OBJECT_CONVERSION = YES_AGGRESSIVE;
				CLANG_CXX_LANGUAGE_STANDARD = "gnu++14";
				CLANG_CXX_LIBRARY = "libc++";
				CLANG_ENABLE_MODULES = YES;
				CLANG_ENABLE_OBJC_ARC = YES;
				CLANG_WARN_BLOCK_CAPTURE_AUTORELEASING = YES;
				CLANG_WARN_BOOL_CONVERSION = YES;
				CLANG_WARN_COMMA = YES;
				CLANG_WARN_CONSTANT_CONVERSION = YES;
				CLANG_WARN_DIRECT_OBJC_ISA_USAGE = YES_ERROR;
				CLANG_WARN_DOCUMENTATION_COMMENTS = YES;
				CLANG_WARN_EMPTY_BODY = YES;
				CLANG_WARN_ENUM_CONVERSION = YES;
				CLANG_WARN_INFINITE_RECURSION = YES;
				CLANG_WARN_INT_CONVERSION = YES;
				CLANG_WARN_NON_LITERAL_NULL_CONVERSION = YES;
				CLANG_WARN_OBJC_LITERAL_CONVERSION = YES;
				CLANG_WARN_OBJC_ROOT_CLASS = YES_ERROR;
				CLANG_WARN_RANGE_LOOP_ANALYSIS = YES;
				CLANG_WARN_STRICT_PROTOTYPES = YES;
				CLANG_WARN_SUSPICIOUS_MOVE = YES;
				CLANG_WARN_UNGUARDED_AVAILABILITY = YES_AGGRESSIVE;
				CLANG_WARN_UNREACHABLE_CODE = YES;
				CLANG_WARN__DUPLICATE_METHOD_MATCH = YES;
				CODE_SIGN_IDENTITY = "iPhone Developer";
				COPY_PHASE_STRIP = NO;
				DEBUG_INFORMATION_FORMAT = dwarf;
				ENABLE_STRICT_OBJC_MSGSEND = YES;
				ENABLE_TESTABILITY = YES;
				GCC_C_LANGUAGE_STANDARD = gnu11;
				GCC_DYNAMIC_NO_PIC = NO;
				GCC_NO_COMMON_BLOCKS = YES;
				GCC_OPTIMIZATION_LEVEL = 0;
				GCC_PREPROCESSOR_DEFINITIONS = (
					"DEBUG=1",
					"$(inherited)",
				);
				GCC_WARN_64_TO_32_BIT_CONVERSION = YES;
				GCC_WARN_ABOUT_RETURN_TYPE = YES_ERROR;
				GCC_WARN_UNDECLARED_SELECTOR = YES;
				GCC_WARN_UNINITIALIZED_AUTOS = YES_AGGRESSIVE;
				GCC_WARN_UNUSED_FUNCTION = YES;
				GCC_WARN_UNUSED_VARIABLE = YES;
				IPHONEOS_DEPLOYMENT_TARGET = 11.0;
				MTL_ENABLE_DEBUG_INFO = YES;
				ONLY_ACTIVE_ARCH = YES;
				SDKROOT = iphoneos;
			};
			name = Debug;
		};
		BFA5B7051F7B45CE0014C009 /* Release */ = {
			isa = XCBuildConfiguration;
			buildSettings = {
				ALWAYS_SEARCH_USER_PATHS = NO;
				CLANG_ANALYZER_NONNULL = YES;
				CLANG_ANALYZER_NUMBER_OBJECT_CONVERSION = YES_AGGRESSIVE;
				CLANG_CXX_LANGUAGE_STANDARD = "gnu++14";
				CLANG_CXX_LIBRARY = "libc++";
				CLANG_ENABLE_MODULES = YES;
				CLANG_ENABLE_OBJC_ARC = YES;
				CLANG_WARN_BLOCK_CAPTURE_AUTORELEASING = YES;
				CLANG_WARN_BOOL_CONVERSION = YES;
				CLANG_WARN_COMMA = YES;
				CLANG_WARN_CONSTANT_CONVERSION = YES;
				CLANG_WARN_DIRECT_OBJC_ISA_USAGE = YES_ERROR;
				CLANG_WARN_DOCUMENTATION_COMMENTS = YES;
				CLANG_WARN_EMPTY_BODY = YES;
				CLANG_WARN_ENUM_CONVERSION = YES;
				CLANG_WARN_INFINITE_RECURSION = YES;
				CLANG_WARN_INT_CONVERSION = YES;
				CLANG_WARN_NON_LITERAL_NULL_CONVERSION = YES;
				CLANG_WARN_OBJC_LITERAL_CONVERSION = YES;
				CLANG_WARN_OBJC_ROOT_CLASS = YES_ERROR;
				CLANG_WARN_RANGE_LOOP_ANALYSIS = YES;
				CLANG_WARN_STRICT_PROTOTYPES = YES;
				CLANG_WARN_SUSPICIOUS_MOVE = YES;
				CLANG_WARN_UNGUARDED_AVAILABILITY = YES_AGGRESSIVE;
				CLANG_WARN_UNREACHABLE_CODE = YES;
				CLANG_WARN__DUPLICATE_METHOD_MATCH = YES;
				CODE_SIGN_IDENTITY = "iPhone Developer";
				COPY_PHASE_STRIP = NO;
				DEBUG_INFORMATION_FORMAT = "dwarf-with-dsym";
				ENABLE_NS_ASSERTIONS = NO;
				ENABLE_STRICT_OBJC_MSGSEND = YES;
				GCC_C_LANGUAGE_STANDARD = gnu11;
				GCC_NO_COMMON_BLOCKS = YES;
				GCC_WARN_64_TO_32_BIT_CONVERSION = YES;
				GCC_WARN_ABOUT_RETURN_TYPE = YES_ERROR;
				GCC_WARN_UNDECLARED_SELECTOR = YES;
				GCC_WARN_UNINITIALIZED_AUTOS = YES_AGGRESSIVE;
				GCC_WARN_UNUSED_FUNCTION = YES;
				GCC_WARN_UNUSED_VARIABLE = YES;
				IPHONEOS_DEPLOYMENT_TARGET = 11.0;
				MTL_ENABLE_DEBUG_INFO = NO;
				SDKROOT = iphoneos;
				VALIDATE_PRODUCT = YES;
			};
			name = Release;
		};
		BFA5B7071F7B45CE0014C009 /* Debug */ = {
			isa = XCBuildConfiguration;
			buildSettings = {
				ASSETCATALOG_COMPILER_APPICON_NAME = AppIcon;
				CODE_SIGN_STYLE = Automatic;
				DEVELOPMENT_TEAM = YPN9LTK8YN;
				INFOPLIST_FILE = ShareElement_DesginMode/Info.plist;
				LD_RUNPATH_SEARCH_PATHS = "$(inherited) @executable_path/Frameworks";
				PRODUCT_BUNDLE_IDENTIFIER = "DeLongYang.ShareElement-DesginMode";
				PRODUCT_NAME = "$(TARGET_NAME)";
				TARGETED_DEVICE_FAMILY = "1,2";
			};
			name = Debug;
		};
		BFA5B7081F7B45CE0014C009 /* Release */ = {
			isa = XCBuildConfiguration;
			buildSettings = {
				ASSETCATALOG_COMPILER_APPICON_NAME = AppIcon;
				CODE_SIGN_STYLE = Automatic;
				DEVELOPMENT_TEAM = YPN9LTK8YN;
				INFOPLIST_FILE = ShareElement_DesginMode/Info.plist;
				LD_RUNPATH_SEARCH_PATHS = "$(inherited) @executable_path/Frameworks";
				PRODUCT_BUNDLE_IDENTIFIER = "DeLongYang.ShareElement-DesginMode";
				PRODUCT_NAME = "$(TARGET_NAME)";
				TARGETED_DEVICE_FAMILY = "1,2";
			};
			name = Release;
		};
/* End XCBuildConfiguration section */

/* Begin XCConfigurationList section */
		BFA5B6EB1F7B45CE0014C009 /* Build configuration list for PBXProject "ShareElement_DesginMode" */ = {
			isa = XCConfigurationList;
			buildConfigurations = (
				BFA5B7041F7B45CE0014C009 /* Debug */,
				BFA5B7051F7B45CE0014C009 /* Release */,
			);
			defaultConfigurationIsVisible = 0;
			defaultConfigurationName = Release;
		};
		BFA5B7061F7B45CE0014C009 /* Build configuration list for PBXNativeTarget "ShareElement_DesginMode" */ = {
			isa = XCConfigurationList;
			buildConfigurations = (
				BFA5B7071F7B45CE0014C009 /* Debug */,
				BFA5B7081F7B45CE0014C009 /* Release */,
			);
			defaultConfigurationIsVisible = 0;
			defaultConfigurationName = Release;
		};
/* End XCConfigurationList section */
	};
	rootObject = BFA5B6E81F7B45CE0014C009 /* Project object */;
}
